
Microsoft Visual Studio Solution File, Format Version 12.00
# Visual Studio Version 17
VisualStudioVersion = 17.11.35222.181
MinimumVisualStudioVersion = 10.0.40219.1
Project("{FAE04EC0-301F-11D3-BF4B-00C04F79EFBC}") = "e-commerce_muebles", "e-commerce_muebles.csproj", "{F04C4937-A9EA-4211-82D9-CBF139621993}"
EndProject
Global
	GlobalSection(SolutionConfigurationPlatforms) = preSolution
		Debug|Any CPU = Debug|Any CPU
		Release|Any CPU = Release|Any CPU
	EndGlobalSection
	GlobalSection(ProjectConfigurationPlatforms) = postSolution
		{F04C4937-A9EA-4211-82D9-CBF139621993}.Debug|Any CPU.ActiveCfg = Debug|Any CPU
		{F04C4937-A9EA-4211-82D9-CBF139621993}.Debug|Any CPU.Build.0 = Debug|Any CPU
		{F04C4937-A9EA-4211-82D9-CBF139621993}.Release|Any CPU.ActiveCfg = Release|Any CPU
		{F04C4937-A9EA-4211-82D9-CBF139621993}.Release|Any CPU.Build.0 = Release|Any CPU
	EndGlobalSection
	GlobalSection(SolutionProperties) = preSolution
		HideSolutionNode = FALSE
	EndGlobalSection
	GlobalSection(ExtensibilityGlobals) = postSolution
		SolutionGuid = {DE192162-D160-4148-A419-96153AFE8517}
	EndGlobalSection
EndGlobal
